# This file was autogenerated by Stack.
# You should not edit this file by hand.
# For more information, please see the documentation at:
#   https://docs.haskellstack.org/en/stable/topics/lock_files

packages:
- completed:
    hackage: ormolu-0.7.5.0@sha256:2e26c9e466cfdc878442bfb87ff53151d3a112e54a802568059b29d4353bcee3,5986
    pantry-tree:
      sha256: 8b0245ed97f6239518a62145eb7140bae4c8ee05d46b550ce155d8500274aa70
      size: 100728
  original:
    hackage: ormolu-0.7.5.0
- completed:
    hackage: apply-refact-0.14.0.0@sha256:0c1481f3c8ceb96187bd3da4b4c6e3400811e5a4c2e9e067bec9c9cd755ce1a8,5590
    pantry-tree:
      sha256: f388aee599dc8247cd0683f2c8abb2c824f8f27760e1f076e30992d5968120be
      size: 96201
  original:
    hackage: apply-refact-0.14.0.0
snapshots:
- completed:
    sha256: 72cdd5851794184138551f43f0897c28f1a5acdda303b266aa9e910461103b3c
    size: 726784
    url: https://raw.githubusercontent.com/commercialhaskell/stackage-snapshots/master/lts/24/28.yaml
  original: lts-24.28
